// !$*UTF8*$!
{
	archiveVersion = 1;
	classes = {
	};
	objectVersion = 46;
	objects = {

/* Begin PBXBuildFile section */
		252F20F6FD31A593128C4D8F /* Pods_WorkoutLog.framework in Frameworks */ = {isa = PBXBuildFile; fileRef = C2D8CB050BF43736236A6B75 /* Pods_WorkoutLog.framework */; };
		4D15207C1EFC810E000A1E79 /* Colors.swift in Sources */ = {isa = PBXBuildFile; fileRef = 4D15207B1EFC810E000A1E79 /* Colors.swift */; };
		4D15207E1EFC8115000A1E79 /* Theme.swift in Sources */ = {isa = PBXBuildFile; fileRef = 4D15207D1EFC8115000A1E79 /* Theme.swift */; };
		4D1520801EFC9025000A1E79 /* ProgressPhotoViewController.swift in Sources */ = {isa = PBXBuildFile; fileRef = 4D15207F1EFC9025000A1E79 /* ProgressPhotoViewController.swift */; };
		4D1520B91F0182DC000A1E79 /* ExerciseListViewController.swift in Sources */ = {isa = PBXBuildFile; fileRef = 4D1520B81F0182DC000A1E79 /* ExerciseListViewController.swift */; };
		4D1520BF1F01B3BF000A1E79 /* CustomTabBarView.swift in Sources */ = {isa = PBXBuildFile; fileRef = 4D1520BE1F01B3BF000A1E79 /* CustomTabBarView.swift */; };
		4D1520C11F01B6F2000A1E79 /* CustomTabBarController.swift in Sources */ = {isa = PBXBuildFile; fileRef = 4D1520C01F01B6F2000A1E79 /* CustomTabBarController.swift */; };
		4D1520C31F02DAD8000A1E79 /* Measurement+Convenience.swift in Sources */ = {isa = PBXBuildFile; fileRef = 4D1520C21F02DAD8000A1E79 /* Measurement+Convenience.swift */; };
		4D1520C51F02DAF4000A1E79 /* Progress+Convenience.swift in Sources */ = {isa = PBXBuildFile; fileRef = 4D1520C41F02DAF4000A1E79 /* Progress+Convenience.swift */; };
		4D1520C71F02F2BF000A1E79 /* MeasurementController.swift in Sources */ = {isa = PBXBuildFile; fileRef = 4D1520C61F02F2BF000A1E79 /* MeasurementController.swift */; };
		4D1520C91F02F2CB000A1E79 /* ProgressController.swift in Sources */ = {isa = PBXBuildFile; fileRef = 4D1520C81F02F2CB000A1E79 /* ProgressController.swift */; };
		4D1521311F05BA1D000A1E79 /* NewStopwatchViewController.swift in Sources */ = {isa = PBXBuildFile; fileRef = 4D1521301F05BA1D000A1E79 /* NewStopwatchViewController.swift */; };
		4D1521741F06F218000A1E79 /* ProgressHistoryViewController.swift in Sources */ = {isa = PBXBuildFile; fileRef = 4D1521731F06F218000A1E79 /* ProgressHistoryViewController.swift */; };
		4D1521761F06F46A000A1E79 /* ProgressHistoryTableViewCell.swift in Sources */ = {isa = PBXBuildFile; fileRef = 4D1521751F06F46A000A1E79 /* ProgressHistoryTableViewCell.swift */; };
		4D1CDE9F1F219D9000CE61EA /* CreateDayViewController.swift in Sources */ = {isa = PBXBuildFile; fileRef = 4D1CDE9E1F219D9000CE61EA /* CreateDayViewController.swift */; };
		4D98009A1F0AC52900968CBB /* XMSegmentedControl.swift in Sources */ = {isa = PBXBuildFile; fileRef = 4D9800991F0AC52900968CBB /* XMSegmentedControl.swift */; };
		4DCB4CCF1F26ED91008B980C /* Stopwatch.swift in Sources */ = {isa = PBXBuildFile; fileRef = 4DCB4CCE1F26ED91008B980C /* Stopwatch.swift */; };
		4DCB4CEF1F2A9A20008B980C /* TimerLabel.swift in Sources */ = {isa = PBXBuildFile; fileRef = 4DCB4CEE1F2A9A20008B980C /* TimerLabel.swift */; };
		4DCCDA1C1EDC9249002BB5E6 /* AppDelegate.swift in Sources */ = {isa = PBXBuildFile; fileRef = 4DCCDA1B1EDC9249002BB5E6 /* AppDelegate.swift */; };
		4DCCDA211EDC9249002BB5E6 /* Main.storyboard in Resources */ = {isa = PBXBuildFile; fileRef = 4DCCDA1F1EDC9249002BB5E6 /* Main.storyboard */; };
		4DCCDA231EDC9249002BB5E6 /* Assets.xcassets in Resources */ = {isa = PBXBuildFile; fileRef = 4DCCDA221EDC9249002BB5E6 /* Assets.xcassets */; };
		4DCCDA261EDC9249002BB5E6 /* LaunchScreen.storyboard in Resources */ = {isa = PBXBuildFile; fileRef = 4DCCDA241EDC9249002BB5E6 /* LaunchScreen.storyboard */; };
		4DCCDA381EDCA6B9002BB5E6 /* WorkoutLog.xcdatamodeld in Sources */ = {isa = PBXBuildFile; fileRef = 4DCCDA361EDCA6B9002BB5E6 /* WorkoutLog.xcdatamodeld */; };
		4DCCDA3A1EDCAC98002BB5E6 /* CoreDataStack.swift in Sources */ = {isa = PBXBuildFile; fileRef = 4DCCDA391EDCAC98002BB5E6 /* CoreDataStack.swift */; };
		4DCCDA3C1EDCACE1002BB5E6 /* Exercise+Convenience.swift in Sources */ = {isa = PBXBuildFile; fileRef = 4DCCDA3B1EDCACE1002BB5E6 /* Exercise+Convenience.swift */; };
		4DCCDA3E1EDCAFC0002BB5E6 /* Day+Convenience.swift in Sources */ = {isa = PBXBuildFile; fileRef = 4DCCDA3D1EDCAFC0002BB5E6 /* Day+Convenience.swift */; };
		4DCCDA401EDCB2F4002BB5E6 /* Routine+Convenience.swift in Sources */ = {isa = PBXBuildFile; fileRef = 4DCCDA3F1EDCB2F4002BB5E6 /* Routine+Convenience.swift */; };
		4DCCDA441EDCB4E1002BB5E6 /* ExerciseController.swift in Sources */ = {isa = PBXBuildFile; fileRef = 4DCCDA431EDCB4E1002BB5E6 /* ExerciseController.swift */; };
		4DCCDA461EDCB93B002BB5E6 /* DayController.swift in Sources */ = {isa = PBXBuildFile; fileRef = 4DCCDA451EDCB93B002BB5E6 /* DayController.swift */; };
		4DCCDA481EDCBB23002BB5E6 /* RoutineController.swift in Sources */ = {isa = PBXBuildFile; fileRef = 4DCCDA471EDCBB23002BB5E6 /* RoutineController.swift */; };
		4DCCDA4A1EDCBF9B002BB5E6 /* RoutineTableViewController.swift in Sources */ = {isa = PBXBuildFile; fileRef = 4DCCDA491EDCBF9B002BB5E6 /* RoutineTableViewController.swift */; };
		4DCCDA4C1EDCCB71002BB5E6 /* DayListTableViewController.swift in Sources */ = {isa = PBXBuildFile; fileRef = 4DCCDA4B1EDCCB71002BB5E6 /* DayListTableViewController.swift */; };
		4DCCDA4E1EDCD111002BB5E6 /* CreateDayTableViewController.swift in Sources */ = {isa = PBXBuildFile; fileRef = 4DCCDA4D1EDCD111002BB5E6 /* CreateDayTableViewController.swift */; };
		4DCCDA511EDDD49D002BB5E6 /* CreateDayExerciseTableViewCell.swift in Sources */ = {isa = PBXBuildFile; fileRef = 4DCCDA501EDDD49D002BB5E6 /* CreateDayExerciseTableViewCell.swift */; };
		4DCCDA531EDDE4C0002BB5E6 /* ExerciseListTableViewController.swift in Sources */ = {isa = PBXBuildFile; fileRef = 4DCCDA521EDDE4C0002BB5E6 /* ExerciseListTableViewController.swift */; };
		4DCCDA551EDE07BD002BB5E6 /* ExerciseHistoryTableViewController.swift in Sources */ = {isa = PBXBuildFile; fileRef = 4DCCDA541EDE07BD002BB5E6 /* ExerciseHistoryTableViewController.swift */; };
		4DCCDA571EDE293A002BB5E6 /* ExerciseTableViewCell.swift in Sources */ = {isa = PBXBuildFile; fileRef = 4DCCDA561EDE293A002BB5E6 /* ExerciseTableViewCell.swift */; };
		4DCCDA591EDE2DD1002BB5E6 /* EditDayTableViewController.swift in Sources */ = {isa = PBXBuildFile; fileRef = 4DCCDA581EDE2DD1002BB5E6 /* EditDayTableViewController.swift */; };
		4DCCDA5B1EDF5267002BB5E6 /* Set+Convenience.swift in Sources */ = {isa = PBXBuildFile; fileRef = 4DCCDA5A1EDF5267002BB5E6 /* Set+Convenience.swift */; };
		4DCCDA5D1EDF5309002BB5E6 /* SetController.swift in Sources */ = {isa = PBXBuildFile; fileRef = 4DCCDA5C1EDF5309002BB5E6 /* SetController.swift */; };
		4DEEC9B11F202AB600134A6D /* RoutineViewController.swift in Sources */ = {isa = PBXBuildFile; fileRef = 4DEEC9B01F202AB600134A6D /* RoutineViewController.swift */; };
		4DEEC9B61F2173BE00134A6D /* DayListViewController.swift in Sources */ = {isa = PBXBuildFile; fileRef = 4DEEC9B51F2173BE00134A6D /* DayListViewController.swift */; };
		4DF4E5AE1F10652F00F7FC29 /* OnboardingViewController.swift in Sources */ = {isa = PBXBuildFile; fileRef = 4DF4E5AD1F10652F00F7FC29 /* OnboardingViewController.swift */; };
/* End PBXBuildFile section */

/* Begin PBXFileReference section */
		38F3CBAAB825563F867D3A01 /* Pods-WorkoutLog.debug.xcconfig */ = {isa = PBXFileReference; includeInIndex = 1; lastKnownFileType = text.xcconfig; name = "Pods-WorkoutLog.debug.xcconfig"; path = "Pods/Target Support Files/Pods-WorkoutLog/Pods-WorkoutLog.debug.xcconfig"; sourceTree = "<group>"; };
		4D15207B1EFC810E000A1E79 /* Colors.swift */ = {isa = PBXFileReference; fileEncoding = 4; lastKnownFileType = sourcecode.swift; path = Colors.swift; sourceTree = "<group>"; };
		4D15207D1EFC8115000A1E79 /* Theme.swift */ = {isa = PBXFileReference; fileEncoding = 4; lastKnownFileType = sourcecode.swift; path = Theme.swift; sourceTree = "<group>"; };
		4D15207F1EFC9025000A1E79 /* ProgressPhotoViewController.swift */ = {isa = PBXFileReference; fileEncoding = 4; lastKnownFileType = sourcecode.swift; path = ProgressPhotoViewController.swift; sourceTree = "<group>"; };
		4D1520B81F0182DC000A1E79 /* ExerciseListViewController.swift */ = {isa = PBXFileReference; fileEncoding = 4; lastKnownFileType = sourcecode.swift; path = ExerciseListViewController.swift; sourceTree = "<group>"; };
		4D1520BE1F01B3BF000A1E79 /* CustomTabBarView.swift */ = {isa = PBXFileReference; fileEncoding = 4; lastKnownFileType = sourcecode.swift; path = CustomTabBarView.swift; sourceTree = "<group>"; };
		4D1520C01F01B6F2000A1E79 /* CustomTabBarController.swift */ = {isa = PBXFileReference; fileEncoding = 4; lastKnownFileType = sourcecode.swift; path = CustomTabBarController.swift; sourceTree = "<group>"; };
		4D1520C21F02DAD8000A1E79 /* Measurement+Convenience.swift */ = {isa = PBXFileReference; fileEncoding = 4; lastKnownFileType = sourcecode.swift; path = "Measurement+Convenience.swift"; sourceTree = "<group>"; };
		4D1520C41F02DAF4000A1E79 /* Progress+Convenience.swift */ = {isa = PBXFileReference; fileEncoding = 4; lastKnownFileType = sourcecode.swift; path = "Progress+Convenience.swift"; sourceTree = "<group>"; };
		4D1520C61F02F2BF000A1E79 /* MeasurementController.swift */ = {isa = PBXFileReference; fileEncoding = 4; lastKnownFileType = sourcecode.swift; path = MeasurementController.swift; sourceTree = "<group>"; };
		4D1520C81F02F2CB000A1E79 /* ProgressController.swift */ = {isa = PBXFileReference; fileEncoding = 4; lastKnownFileType = sourcecode.swift; path = ProgressController.swift; sourceTree = "<group>"; };
		4D1521301F05BA1D000A1E79 /* NewStopwatchViewController.swift */ = {isa = PBXFileReference; fileEncoding = 4; lastKnownFileType = sourcecode.swift; path = NewStopwatchViewController.swift; sourceTree = "<group>"; };
		4D1521731F06F218000A1E79 /* ProgressHistoryViewController.swift */ = {isa = PBXFileReference; fileEncoding = 4; lastKnownFileType = sourcecode.swift; path = ProgressHistoryViewController.swift; sourceTree = "<group>"; };
		4D1521751F06F46A000A1E79 /* ProgressHistoryTableViewCell.swift */ = {isa = PBXFileReference; fileEncoding = 4; lastKnownFileType = sourcecode.swift; path = ProgressHistoryTableViewCell.swift; sourceTree = "<group>"; };
		4D1CDE9E1F219D9000CE61EA /* CreateDayViewController.swift */ = {isa = PBXFileReference; fileEncoding = 4; lastKnownFileType = sourcecode.swift; path = CreateDayViewController.swift; sourceTree = "<group>"; };
		4D9800991F0AC52900968CBB /* XMSegmentedControl.swift */ = {isa = PBXFileReference; fileEncoding = 4; lastKnownFileType = sourcecode.swift; path = XMSegmentedControl.swift; sourceTree = "<group>"; };
		4DCB4CCE1F26ED91008B980C /* Stopwatch.swift */ = {isa = PBXFileReference; fileEncoding = 4; lastKnownFileType = sourcecode.swift; path = Stopwatch.swift; sourceTree = "<group>"; };
		4DCB4CEE1F2A9A20008B980C /* TimerLabel.swift */ = {isa = PBXFileReference; fileEncoding = 4; lastKnownFileType = sourcecode.swift; path = TimerLabel.swift; sourceTree = "<group>"; };
		4DCCDA181EDC9249002BB5E6 /* WorkoutLog.app */ = {isa = PBXFileReference; explicitFileType = wrapper.application; includeInIndex = 0; path = WorkoutLog.app; sourceTree = BUILT_PRODUCTS_DIR; };
		4DCCDA1B1EDC9249002BB5E6 /* AppDelegate.swift */ = {isa = PBXFileReference; lastKnownFileType = sourcecode.swift; path = AppDelegate.swift; sourceTree = "<group>"; };
		4DCCDA201EDC9249002BB5E6 /* Base */ = {isa = PBXFileReference; lastKnownFileType = file.storyboard; name = Base; path = Base.lproj/Main.storyboard; sourceTree = "<group>"; };
		4DCCDA221EDC9249002BB5E6 /* Assets.xcassets */ = {isa = PBXFileReference; lastKnownFileType = folder.assetcatalog; path = Assets.xcassets; sourceTree = "<group>"; };
		4DCCDA251EDC9249002BB5E6 /* Base */ = {isa = PBXFileReference; lastKnownFileType = file.storyboard; name = Base; path = Base.lproj/LaunchScreen.storyboard; sourceTree = "<group>"; };
		4DCCDA271EDC9249002BB5E6 /* Info.plist */ = {isa = PBXFileReference; lastKnownFileType = text.plist.xml; path = Info.plist; sourceTree = "<group>"; };
		4DCCDA371EDCA6B9002BB5E6 /* WorkoutLog.xcdatamodel */ = {isa = PBXFileReference; lastKnownFileType = wrapper.xcdatamodel; path = WorkoutLog.xcdatamodel; sourceTree = "<group>"; };
		4DCCDA391EDCAC98002BB5E6 /* CoreDataStack.swift */ = {isa = PBXFileReference; fileEncoding = 4; lastKnownFileType = sourcecode.swift; path = CoreDataStack.swift; sourceTree = "<group>"; };
		4DCCDA3B1EDCACE1002BB5E6 /* Exercise+Convenience.swift */ = {isa = PBXFileReference; fileEncoding = 4; lastKnownFileType = sourcecode.swift; path = "Exercise+Convenience.swift"; sourceTree = "<group>"; };
		4DCCDA3D1EDCAFC0002BB5E6 /* Day+Convenience.swift */ = {isa = PBXFileReference; fileEncoding = 4; lastKnownFileType = sourcecode.swift; path = "Day+Convenience.swift"; sourceTree = "<group>"; };
		4DCCDA3F1EDCB2F4002BB5E6 /* Routine+Convenience.swift */ = {isa = PBXFileReference; fileEncoding = 4; lastKnownFileType = sourcecode.swift; path = "Routine+Convenience.swift"; sourceTree = "<group>"; };
		4DCCDA431EDCB4E1002BB5E6 /* ExerciseController.swift */ = {isa = PBXFileReference; fileEncoding = 4; lastKnownFileType = sourcecode.swift; path = ExerciseController.swift; sourceTree = "<group>"; };
		4DCCDA451EDCB93B002BB5E6 /* DayController.swift */ = {isa = PBXFileReference; fileEncoding = 4; lastKnownFileType = sourcecode.swift; path = DayController.swift; sourceTree = "<group>"; };
		4DCCDA471EDCBB23002BB5E6 /* RoutineController.swift */ = {isa = PBXFileReference; fileEncoding = 4; lastKnownFileType = sourcecode.swift; path = RoutineController.swift; sourceTree = "<group>"; };
		4DCCDA491EDCBF9B002BB5E6 /* RoutineTableViewController.swift */ = {isa = PBXFileReference; fileEncoding = 4; lastKnownFileType = sourcecode.swift; path = RoutineTableViewController.swift; sourceTree = "<group>"; };
		4DCCDA4B1EDCCB71002BB5E6 /* DayListTableViewController.swift */ = {isa = PBXFileReference; fileEncoding = 4; lastKnownFileType = sourcecode.swift; path = DayListTableViewController.swift; sourceTree = "<group>"; };
		4DCCDA4D1EDCD111002BB5E6 /* CreateDayTableViewController.swift */ = {isa = PBXFileReference; fileEncoding = 4; lastKnownFileType = sourcecode.swift; path = CreateDayTableViewController.swift; sourceTree = "<group>"; };
		4DCCDA501EDDD49D002BB5E6 /* CreateDayExerciseTableViewCell.swift */ = {isa = PBXFileReference; fileEncoding = 4; lastKnownFileType = sourcecode.swift; path = CreateDayExerciseTableViewCell.swift; sourceTree = "<group>"; };
		4DCCDA521EDDE4C0002BB5E6 /* ExerciseListTableViewController.swift */ = {isa = PBXFileReference; fileEncoding = 4; lastKnownFileType = sourcecode.swift; path = ExerciseListTableViewController.swift; sourceTree = "<group>"; };
		4DCCDA541EDE07BD002BB5E6 /* ExerciseHistoryTableViewController.swift */ = {isa = PBXFileReference; fileEncoding = 4; lastKnownFileType = sourcecode.swift; path = ExerciseHistoryTableViewController.swift; sourceTree = "<group>"; };
		4DCCDA561EDE293A002BB5E6 /* ExerciseTableViewCell.swift */ = {isa = PBXFileReference; fileEncoding = 4; lastKnownFileType = sourcecode.swift; path = ExerciseTableViewCell.swift; sourceTree = "<group>"; };
		4DCCDA581EDE2DD1002BB5E6 /* EditDayTableViewController.swift */ = {isa = PBXFileReference; fileEncoding = 4; lastKnownFileType = sourcecode.swift; path = EditDayTableViewController.swift; sourceTree = "<group>"; };
		4DCCDA5A1EDF5267002BB5E6 /* Set+Convenience.swift */ = {isa = PBXFileReference; fileEncoding = 4; lastKnownFileType = sourcecode.swift; path = "Set+Convenience.swift"; sourceTree = "<group>"; };
		4DCCDA5C1EDF5309002BB5E6 /* SetController.swift */ = {isa = PBXFileReference; fileEncoding = 4; lastKnownFileType = sourcecode.swift; path = SetController.swift; sourceTree = "<group>"; };
		4DEEC9B01F202AB600134A6D /* RoutineViewController.swift */ = {isa = PBXFileReference; fileEncoding = 4; lastKnownFileType = sourcecode.swift; path = RoutineViewController.swift; sourceTree = "<group>"; };
		4DEEC9B51F2173BE00134A6D /* DayListViewController.swift */ = {isa = PBXFileReference; fileEncoding = 4; lastKnownFileType = sourcecode.swift; path = DayListViewController.swift; sourceTree = "<group>"; };
		4DF4E5AD1F10652F00F7FC29 /* OnboardingViewController.swift */ = {isa = PBXFileReference; fileEncoding = 4; lastKnownFileType = sourcecode.swift; path = OnboardingViewController.swift; sourceTree = "<group>"; };
		59E1711EF74147E6695FD413 /* Pods-WorkoutLog.release.xcconfig */ = {isa = PBXFileReference; includeInIndex = 1; lastKnownFileType = text.xcconfig; name = "Pods-WorkoutLog.release.xcconfig"; path = "Pods/Target Support Files/Pods-WorkoutLog/Pods-WorkoutLog.release.xcconfig"; sourceTree = "<group>"; };
		C2D8CB050BF43736236A6B75 /* Pods_WorkoutLog.framework */ = {isa = PBXFileReference; explicitFileType = wrapper.framework; includeInIndex = 0; path = Pods_WorkoutLog.framework; sourceTree = BUILT_PRODUCTS_DIR; };
/* End PBXFileReference section */

/* Begin PBXFrameworksBuildPhase section */
		4DCCDA151EDC9249002BB5E6 /* Frameworks */ = {
			isa = PBXFrameworksBuildPhase;
			buildActionMask = 2147483647;
			files = (
				252F20F6FD31A593128C4D8F /* Pods_WorkoutLog.framework in Frameworks */,
			);
			runOnlyForDeploymentPostprocessing = 0;
		};
/* End PBXFrameworksBuildPhase section */

/* Begin PBXGroup section */
		1F1E9D39A8EDE50CA9FB5E84 /* Pods */ = {
			isa = PBXGroup;
			children = (
				38F3CBAAB825563F867D3A01 /* Pods-WorkoutLog.debug.xcconfig */,
				59E1711EF74147E6695FD413 /* Pods-WorkoutLog.release.xcconfig */,
			);
			name = Pods;
			sourceTree = "<group>";
		};
		4D15207A1EFC80F8000A1E79 /* Appearance */ = {
			isa = PBXGroup;
			children = (
				4D15207B1EFC810E000A1E79 /* Colors.swift */,
				4D15207D1EFC8115000A1E79 /* Theme.swift */,
			);
			name = Appearance;
			sourceTree = "<group>";
		};
		4D98009B1F0AE58700968CBB /* Tabbar */ = {
			isa = PBXGroup;
			children = (
				4D1520BE1F01B3BF000A1E79 /* CustomTabBarView.swift */,
				4D1520C01F01B6F2000A1E79 /* CustomTabBarController.swift */,
				4D9800991F0AC52900968CBB /* XMSegmentedControl.swift */,
			);
			name = Tabbar;
			sourceTree = "<group>";
		};
		4D98009C1F0AE5CD00968CBB /* Progress & Stopwatch */ = {
			isa = PBXGroup;
			children = (
				4D1521751F06F46A000A1E79 /* ProgressHistoryTableViewCell.swift */,
				4D15207F1EFC9025000A1E79 /* ProgressPhotoViewController.swift */,
				4D1521731F06F218000A1E79 /* ProgressHistoryViewController.swift */,
				4D1521301F05BA1D000A1E79 /* NewStopwatchViewController.swift */,
				4DCB4CCE1F26ED91008B980C /* Stopwatch.swift */,
				4DCB4CEE1F2A9A20008B980C /* TimerLabel.swift */,
			);
			name = "Progress & Stopwatch";
			sourceTree = "<group>";
		};
		4DCCDA0F1EDC9249002BB5E6 = {
			isa = PBXGroup;
			children = (
				4DCCDA1A1EDC9249002BB5E6 /* WorkoutLog */,
				4DCCDA191EDC9249002BB5E6 /* Products */,
				1F1E9D39A8EDE50CA9FB5E84 /* Pods */,
				932FE9E560105131F7C893D4 /* Frameworks */,
			);
			sourceTree = "<group>";
		};
		4DCCDA191EDC9249002BB5E6 /* Products */ = {
			isa = PBXGroup;
			children = (
				4DCCDA181EDC9249002BB5E6 /* WorkoutLog.app */,
			);
			name = Products;
			sourceTree = "<group>";
		};
		4DCCDA1A1EDC9249002BB5E6 /* WorkoutLog */ = {
			isa = PBXGroup;
			children = (
				4DCCDA1B1EDC9249002BB5E6 /* AppDelegate.swift */,
				4D15207A1EFC80F8000A1E79 /* Appearance */,
				4DCCDA351EDCA69B002BB5E6 /* Models */,
				4DCCDA411EDCB3C4002BB5E6 /* ModelControllers */,
				4DCCDA4F1EDDD450002BB5E6 /* Views */,
				4DCCDA421EDCB3D8002BB5E6 /* ViewControllers */,
				4DEEC9B41F21718600134A6D /* OldViewControllers */,
				4DCCDA2D1EDC9253002BB5E6 /* Resources */,
			);
			path = WorkoutLog;
			sourceTree = "<group>";
		};
		4DCCDA2D1EDC9253002BB5E6 /* Resources */ = {
			isa = PBXGroup;
			children = (
				4DCCDA221EDC9249002BB5E6 /* Assets.xcassets */,
				4DCCDA241EDC9249002BB5E6 /* LaunchScreen.storyboard */,
				4DCCDA271EDC9249002BB5E6 /* Info.plist */,
			);
			name = Resources;
			sourceTree = "<group>";
		};
		4DCCDA351EDCA69B002BB5E6 /* Models */ = {
			isa = PBXGroup;
			children = (
				4DCCDA361EDCA6B9002BB5E6 /* WorkoutLog.xcdatamodeld */,
				4DCCDA391EDCAC98002BB5E6 /* CoreDataStack.swift */,
				4DCCDA5A1EDF5267002BB5E6 /* Set+Convenience.swift */,
				4DCCDA3B1EDCACE1002BB5E6 /* Exercise+Convenience.swift */,
				4DCCDA3D1EDCAFC0002BB5E6 /* Day+Convenience.swift */,
				4DCCDA3F1EDCB2F4002BB5E6 /* Routine+Convenience.swift */,
				4D1520C21F02DAD8000A1E79 /* Measurement+Convenience.swift */,
				4D1520C41F02DAF4000A1E79 /* Progress+Convenience.swift */,
			);
			name = Models;
			sourceTree = "<group>";
		};
		4DCCDA411EDCB3C4002BB5E6 /* ModelControllers */ = {
			isa = PBXGroup;
			children = (
				4DCCDA5C1EDF5309002BB5E6 /* SetController.swift */,
				4DCCDA431EDCB4E1002BB5E6 /* ExerciseController.swift */,
				4DCCDA451EDCB93B002BB5E6 /* DayController.swift */,
				4DCCDA471EDCBB23002BB5E6 /* RoutineController.swift */,
				4D1520C61F02F2BF000A1E79 /* MeasurementController.swift */,
				4D1520C81F02F2CB000A1E79 /* ProgressController.swift */,
			);
			name = ModelControllers;
			sourceTree = "<group>";
		};
		4DCCDA421EDCB3D8002BB5E6 /* ViewControllers */ = {
			isa = PBXGroup;
			children = (
				4D98009B1F0AE58700968CBB /* Tabbar */,
				4D98009C1F0AE5CD00968CBB /* Progress & Stopwatch */,
				4DCCDA1F1EDC9249002BB5E6 /* Main.storyboard */,
				4DEEC9B01F202AB600134A6D /* RoutineViewController.swift */,
				4DEEC9B51F2173BE00134A6D /* DayListViewController.swift */,
				4D1CDE9E1F219D9000CE61EA /* CreateDayViewController.swift */,
				4D1520B81F0182DC000A1E79 /* ExerciseListViewController.swift */,
				4DCCDA541EDE07BD002BB5E6 /* ExerciseHistoryTableViewController.swift */,
				4DCCDA581EDE2DD1002BB5E6 /* EditDayTableViewController.swift */,
				4DF4E5AD1F10652F00F7FC29 /* OnboardingViewController.swift */,
			);
			name = ViewControllers;
			sourceTree = "<group>";
		};
		4DCCDA4F1EDDD450002BB5E6 /* Views */ = {
			isa = PBXGroup;
			children = (
				4DCCDA501EDDD49D002BB5E6 /* CreateDayExerciseTableViewCell.swift */,
				4DCCDA561EDE293A002BB5E6 /* ExerciseTableViewCell.swift */,
			);
			name = Views;
			sourceTree = "<group>";
		};
		4DEEC9B41F21718600134A6D /* OldViewControllers */ = {
			isa = PBXGroup;
			children = (
				4DCCDA4B1EDCCB71002BB5E6 /* DayListTableViewController.swift */,
				4DCCDA4D1EDCD111002BB5E6 /* CreateDayTableViewController.swift */,
				4DCCDA521EDDE4C0002BB5E6 /* ExerciseListTableViewController.swift */,
				4DCCDA491EDCBF9B002BB5E6 /* RoutineTableViewController.swift */,
			);
			name = OldViewControllers;
			sourceTree = "<group>";
		};
		932FE9E560105131F7C893D4 /* Frameworks */ = {
			isa = PBXGroup;
			children = (
				C2D8CB050BF43736236A6B75 /* Pods_WorkoutLog.framework */,
			);
			name = Frameworks;
			sourceTree = "<group>";
		};
/* End PBXGroup section */

/* Begin PBXNativeTarget section */
		4DCCDA171EDC9249002BB5E6 /* WorkoutLog */ = {
			isa = PBXNativeTarget;
			buildConfigurationList = 4DCCDA2A1EDC9249002BB5E6 /* Build configuration list for PBXNativeTarget "WorkoutLog" */;
			buildPhases = (
				2CC3E59D6B57CA8F7F039896 /* [CP] Check Pods Manifest.lock */,
				4DCCDA141EDC9249002BB5E6 /* Sources */,
				4DCCDA151EDC9249002BB5E6 /* Frameworks */,
				4DCCDA161EDC9249002BB5E6 /* Resources */,
				F0E0E35F82C5D5296BF828A0 /* [CP] Embed Pods Frameworks */,
				DD1DB182B8A46111B49DF36C /* [CP] Copy Pods Resources */,
			);
			buildRules = (
			);
			dependencies = (
			);
			name = WorkoutLog;
			productName = WorkoutLog;
			productReference = 4DCCDA181EDC9249002BB5E6 /* WorkoutLog.app */;
			productType = "com.apple.product-type.application";
		};
/* End PBXNativeTarget section */

/* Begin PBXProject section */
		4DCCDA101EDC9249002BB5E6 /* Project object */ = {
			isa = PBXProject;
			attributes = {
				LastSwiftUpdateCheck = 0830;
				LastUpgradeCheck = 0830;
				ORGANIZATIONNAME = Colton;
				TargetAttributes = {
					4DCCDA171EDC9249002BB5E6 = {
						CreatedOnToolsVersion = 8.3.2;
						DevelopmentTeam = P3B9MPU7J2;
						ProvisioningStyle = Automatic;
					};
				};
			};
			buildConfigurationList = 4DCCDA131EDC9249002BB5E6 /* Build configuration list for PBXProject "WorkoutLog" */;
			compatibilityVersion = "Xcode 3.2";
			developmentRegion = English;
			hasScannedForEncodings = 0;
			knownRegions = (
				en,
				Base,
			);
			mainGroup = 4DCCDA0F1EDC9249002BB5E6;
			productRefGroup = 4DCCDA191EDC9249002BB5E6 /* Products */;
			projectDirPath = "";
			projectRoot = "";
			targets = (
				4DCCDA171EDC9249002BB5E6 /* WorkoutLog */,
			);
		};
/* End PBXProject section */

/* Begin PBXResourcesBuildPhase section */
		4DCCDA161EDC9249002BB5E6 /* Resources */ = {
			isa = PBXResourcesBuildPhase;
			buildActionMask = 2147483647;
			files = (
				4DCCDA261EDC9249002BB5E6 /* LaunchScreen.storyboard in Resources */,
				4DCCDA231EDC9249002BB5E6 /* Assets.xcassets in Resources */,
				4DCCDA211EDC9249002BB5E6 /* Main.storyboard in Resources */,
			);
			runOnlyForDeploymentPostprocessing = 0;
		};
/* End PBXResourcesBuildPhase section */

/* Begin PBXShellScriptBuildPhase section */
		2CC3E59D6B57CA8F7F039896 /* [CP] Check Pods Manifest.lock */ = {
			isa = PBXShellScriptBuildPhase;
			buildActionMask = 2147483647;
			files = (
			);
			inputPaths = (
			);
			name = "[CP] Check Pods Manifest.lock";
			outputPaths = (
			);
			runOnlyForDeploymentPostprocessing = 0;
			shellPath = /bin/sh;
			shellScript = "diff \"${PODS_PODFILE_DIR_PATH}/Podfile.lock\" \"${PODS_ROOT}/Manifest.lock\" > /dev/null\nif [ $? != 0 ] ; then\n    # print error to STDERR\n    echo \"error: The sandbox is not in sync with the Podfile.lock. Run 'pod install' or update your CocoaPods installation.\" >&2\n    exit 1\nfi\n";
			showEnvVarsInLog = 0;
		};
		DD1DB182B8A46111B49DF36C /* [CP] Copy Pods Resources */ = {
			isa = PBXShellScriptBuildPhase;
			buildActionMask = 2147483647;
			files = (
			);
			inputPaths = (
			);
			name = "[CP] Copy Pods Resources";
			outputPaths = (
			);
			runOnlyForDeploymentPostprocessing = 0;
			shellPath = /bin/sh;
			shellScript = "\"${SRCROOT}/Pods/Target Support Files/Pods-WorkoutLog/Pods-WorkoutLog-resources.sh\"\n";
			showEnvVarsInLog = 0;
		};
		F0E0E35F82C5D5296BF828A0 /* [CP] Embed Pods Frameworks */ = {
			isa = PBXShellScriptBuildPhase;
			buildActionMask = 2147483647;
			files = (
			);
			inputPaths = (
			);
			name = "[CP] Embed Pods Frameworks";
			outputPaths = (
			);
			runOnlyForDeploymentPostprocessing = 0;
			shellPath = /bin/sh;
			shellScript = "\"${SRCROOT}/Pods/Target Support Files/Pods-WorkoutLog/Pods-WorkoutLog-frameworks.sh\"\n";
			showEnvVarsInLog = 0;
		};
/* End PBXShellScriptBuildPhase section */

/* Begin PBXSourcesBuildPhase section */
		4DCCDA141EDC9249002BB5E6 /* Sources */ = {
			isa = PBXSourcesBuildPhase;
			buildActionMask = 2147483647;
			files = (
				4DCCDA461EDCB93B002BB5E6 /* DayController.swift in Sources */,
				4D15207C1EFC810E000A1E79 /* Colors.swift in Sources */,
				4D1521311F05BA1D000A1E79 /* NewStopwatchViewController.swift in Sources */,
				4DCCDA571EDE293A002BB5E6 /* ExerciseTableViewCell.swift in Sources */,
				4DCCDA531EDDE4C0002BB5E6 /* ExerciseListTableViewController.swift in Sources */,
				4DCCDA3A1EDCAC98002BB5E6 /* CoreDataStack.swift in Sources */,
				4DCCDA4E1EDCD111002BB5E6 /* CreateDayTableViewController.swift in Sources */,
				4DEEC9B11F202AB600134A6D /* RoutineViewController.swift in Sources */,
				4D1521761F06F46A000A1E79 /* ProgressHistoryTableViewCell.swift in Sources */,
				4D1520C31F02DAD8000A1E79 /* Measurement+Convenience.swift in Sources */,
				4DCB4CEF1F2A9A20008B980C /* TimerLabel.swift in Sources */,
				4D15207E1EFC8115000A1E79 /* Theme.swift in Sources */,
				4DCCDA4C1EDCCB71002BB5E6 /* DayListTableViewController.swift in Sources */,
				4D1520BF1F01B3BF000A1E79 /* CustomTabBarView.swift in Sources */,
				4DCCDA5D1EDF5309002BB5E6 /* SetController.swift in Sources */,
				4DCCDA3C1EDCACE1002BB5E6 /* Exercise+Convenience.swift in Sources */,
				4DCCDA551EDE07BD002BB5E6 /* ExerciseHistoryTableViewController.swift in Sources */,
				4D1CDE9F1F219D9000CE61EA /* CreateDayViewController.swift in Sources */,
				4DCCDA481EDCBB23002BB5E6 /* RoutineController.swift in Sources */,
				4DCCDA4A1EDCBF9B002BB5E6 /* RoutineTableViewController.swift in Sources */,
				4D1520B91F0182DC000A1E79 /* ExerciseListViewController.swift in Sources */,
				4DCCDA381EDCA6B9002BB5E6 /* WorkoutLog.xcdatamodeld in Sources */,
				4DCB4CCF1F26ED91008B980C /* Stopwatch.swift in Sources */,
				4DCCDA1C1EDC9249002BB5E6 /* AppDelegate.swift in Sources */,
				4D98009A1F0AC52900968CBB /* XMSegmentedControl.swift in Sources */,
				4DCCDA511EDDD49D002BB5E6 /* CreateDayExerciseTableViewCell.swift in Sources */,
				4D1520801EFC9025000A1E79 /* ProgressPhotoViewController.swift in Sources */,
				4DCCDA401EDCB2F4002BB5E6 /* Routine+Convenience.swift in Sources */,
				4D1520C51F02DAF4000A1E79 /* Progress+Convenience.swift in Sources */,
				4D1520C71F02F2BF000A1E79 /* MeasurementController.swift in Sources */,
				4DEEC9B61F2173BE00134A6D /* DayListViewController.swift in Sources */,
				4DCCDA591EDE2DD1002BB5E6 /* EditDayTableViewController.swift in Sources */,
				4DCCDA441EDCB4E1002BB5E6 /* ExerciseController.swift in Sources */,
				4D1521741F06F218000A1E79 /* ProgressHistoryViewController.swift in Sources */,
				4DCCDA5B1EDF5267002BB5E6 /* Set+Convenience.swift in Sources */,
				4DCCDA3E1EDCAFC0002BB5E6 /* Day+Convenience.swift in Sources */,
				4DF4E5AE1F10652F00F7FC29 /* OnboardingViewController.swift in Sources */,
				4D1520C11F01B6F2000A1E79 /* CustomTabBarController.swift in Sources */,
				4D1520C91F02F2CB000A1E79 /* ProgressController.swift in Sources */,
			);
			runOnlyForDeploymentPostprocessing = 0;
		};
/* End PBXSourcesBuildPhase section */

/* Begin PBXVariantGroup section */
		4DCCDA1F1EDC9249002BB5E6 /* Main.storyboard */ = {
			isa = PBXVariantGroup;
			children = (
				4DCCDA201EDC9249002BB5E6 /* Base */,
			);
			name = Main.storyboard;
			sourceTree = "<group>";
		};
		4DCCDA241EDC9249002BB5E6 /* LaunchScreen.storyboard */ = {
			isa = PBXVariantGroup;
			children = (
				4DCCDA251EDC9249002BB5E6 /* Base */,
			);
			name = LaunchScreen.storyboard;
			sourceTree = "<group>";
		};
/* End PBXVariantGroup section */

/* Begin XCBuildConfiguration section */
		4DCCDA281EDC9249002BB5E6 /* Debug */ = {
			isa = XCBuildConfiguration;
			buildSettings = {
				ALWAYS_SEARCH_USER_PATHS = NO;
				CLANG_ANALYZER_NONNULL = YES;
				CLANG_ANALYZER_NUMBER_OBJECT_CONVERSION = YES_AGGRESSIVE;
				CLANG_CXX_LANGUAGE_STANDARD = "gnu++0x";
				CLANG_CXX_LIBRARY = "libc++";
				CLANG_ENABLE_MODULES = YES;
				CLANG_ENABLE_OBJC_ARC = YES;
				CLANG_WARN_BOOL_CONVERSION = YES;
				CLANG_WARN_CONSTANT_CONVERSION = YES;
				CLANG_WARN_DIRECT_OBJC_ISA_USAGE = YES_ERROR;
				CLANG_WARN_DOCUMENTATION_COMMENTS = YES;
				CLANG_WARN_EMPTY_BODY = YES;
				CLANG_WARN_ENUM_CONVERSION = YES;
				CLANG_WARN_INFINITE_RECURSION = YES;
				CLANG_WARN_INT_CONVERSION = YES;
				CLANG_WARN_OBJC_ROOT_CLASS = YES_ERROR;
				CLANG_WARN_SUSPICIOUS_MOVE = YES;
				CLANG_WARN_UNREACHABLE_CODE = YES;
				CLANG_WARN__DUPLICATE_METHOD_MATCH = YES;
				"CODE_SIGN_IDENTITY[sdk=iphoneos*]" = "iPhone Developer";
				COPY_PHASE_STRIP = NO;
				DEBUG_INFORMATION_FORMAT = dwarf;
				ENABLE_STRICT_OBJC_MSGSEND = YES;
				ENABLE_TESTABILITY = YES;
				GCC_C_LANGUAGE_STANDARD = gnu99;
				GCC_DYNAMIC_NO_PIC = NO;
				GCC_NO_COMMON_BLOCKS = YES;
				GCC_OPTIMIZATION_LEVEL = 0;
				GCC_PREPROCESSOR_DEFINITIONS = (
					"DEBUG=1",
					"$(inherited)",
				);
				GCC_WARN_64_TO_32_BIT_CONVERSION = YES;
				GCC_WARN_ABOUT_RETURN_TYPE = YES_ERROR;
				GCC_WARN_UNDECLARED_SELECTOR = YES;
				GCC_WARN_UNINITIALIZED_AUTOS = YES_AGGRESSIVE;
				GCC_WARN_UNUSED_FUNCTION = YES;
				GCC_WARN_UNUSED_VARIABLE = YES;
				IPHONEOS_DEPLOYMENT_TARGET = 10.3;
				MTL_ENABLE_DEBUG_INFO = YES;
				ONLY_ACTIVE_ARCH = YES;
				SDKROOT = iphoneos;
				SWIFT_ACTIVE_COMPILATION_CONDITIONS = DEBUG;
				SWIFT_OPTIMIZATION_LEVEL = "-Onone";
				TARGETED_DEVICE_FAMILY = "1,2";
			};
			name = Debug;
		};
		4DCCDA291EDC9249002BB5E6 /* Release */ = {
			isa = XCBuildConfiguration;
			buildSettings = {
				ALWAYS_SEARCH_USER_PATHS = NO;
				CLANG_ANALYZER_NONNULL = YES;
				CLANG_ANALYZER_NUMBER_OBJECT_CONVERSION = YES_AGGRESSIVE;
				CLANG_CXX_LANGUAGE_STANDARD = "gnu++0x";
				CLANG_CXX_LIBRARY = "libc++";
				CLANG_ENABLE_MODULES = YES;
				CLANG_ENABLE_OBJC_ARC = YES;
				CLANG_WARN_BOOL_CONVERSION = YES;
				CLANG_WARN_CONSTANT_CONVERSION = YES;
				CLANG_WARN_DIRECT_OBJC_ISA_USAGE = YES_ERROR;
				CLANG_WARN_DOCUMENTATION_COMMENTS = YES;
				CLANG_WARN_EMPTY_BODY = YES;
				CLANG_WARN_ENUM_CONVERSION = YES;
				CLANG_WARN_INFINITE_RECURSION = YES;
				CLANG_WARN_INT_CONVERSION = YES;
				CLANG_WARN_OBJC_ROOT_CLASS = YES_ERROR;
				CLANG_WARN_SUSPICIOUS_MOVE = YES;
				CLANG_WARN_UNREACHABLE_CODE = YES;
				CLANG_WARN__DUPLICATE_METHOD_MATCH = YES;
				"CODE_SIGN_IDENTITY[sdk=iphoneos*]" = "iPhone Developer";
				COPY_PHASE_STRIP = NO;
				DEBUG_INFORMATION_FORMAT = "dwarf-with-dsym";
				ENABLE_NS_ASSERTIONS = NO;
				ENABLE_STRICT_OBJC_MSGSEND = YES;
				GCC_C_LANGUAGE_STANDARD = gnu99;
				GCC_NO_COMMON_BLOCKS = YES;
				GCC_WARN_64_TO_32_BIT_CONVERSION = YES;
				GCC_WARN_ABOUT_RETURN_TYPE = YES_ERROR;
				GCC_WARN_UNDECLARED_SELECTOR = YES;
				GCC_WARN_UNINITIALIZED_AUTOS = YES_AGGRESSIVE;
				GCC_WARN_UNUSED_FUNCTION = YES;
				GCC_WARN_UNUSED_VARIABLE = YES;
				IPHONEOS_DEPLOYMENT_TARGET = 10.3;
				MTL_ENABLE_DEBUG_INFO = NO;
				SDKROOT = iphoneos;
				SWIFT_OPTIMIZATION_LEVEL = "-Owholemodule";
				TARGETED_DEVICE_FAMILY = "1,2";
				VALIDATE_PRODUCT = YES;
			};
			name = Release;
		};
		4DCCDA2B1EDC9249002BB5E6 /* Debug */ = {
			isa = XCBuildConfiguration;
			baseConfigurationReference = 38F3CBAAB825563F867D3A01 /* Pods-WorkoutLog.debug.xcconfig */;
			buildSettings = {
				ASSETCATALOG_COMPILER_APPICON_NAME = AppIcon;
				DEVELOPMENT_TEAM = P3B9MPU7J2;
				INFOPLIST_FILE = WorkoutLog/Info.plist;
				LD_RUNPATH_SEARCH_PATHS = "$(inherited) @executable_path/Frameworks";
				PRODUCT_BUNDLE_IDENTIFIER = com.colton.WorkoutLog;
				PRODUCT_NAME = "$(TARGET_NAME)";
				SWIFT_VERSION = 3.0;
				TARGETED_DEVICE_FAMILY = 1;
			};
			name = Debug;
		};
		4DCCDA2C1EDC9249002BB5E6 /* Release */ = {
			isa = XCBuildConfiguration;
			baseConfigurationReference = 59E1711EF74147E6695FD413 /* Pods-WorkoutLog.release.xcconfig */;
			buildSettings = {
				ASSETCATALOG_COMPILER_APPICON_NAME = AppIcon;
				DEVELOPMENT_TEAM = P3B9MPU7J2;
				INFOPLIST_FILE = WorkoutLog/Info.plist;
				LD_RUNPATH_SEARCH_PATHS = "$(inherited) @executable_path/Frameworks";
				PRODUCT_BUNDLE_IDENTIFIER = com.colton.WorkoutLog;
				PRODUCT_NAME = "$(TARGET_NAME)";
				SWIFT_VERSION = 3.0;
				TARGETED_DEVICE_FAMILY = 1;
			};
			name = Release;
		};
/* End XCBuildConfiguration section */

/* Begin XCConfigurationList section */
		4DCCDA131EDC9249002BB5E6 /* Build configuration list for PBXProject "WorkoutLog" */ = {
			isa = XCConfigurationList;
			buildConfigurations = (
				4DCCDA281EDC9249002BB5E6 /* Debug */,
				4DCCDA291EDC9249002BB5E6 /* Release */,
			);
			defaultConfigurationIsVisible = 0;
			defaultConfigurationName = Release;
		};
		4DCCDA2A1EDC9249002BB5E6 /* Build configuration list for PBXNativeTarget "WorkoutLog" */ = {
			isa = XCConfigurationList;
			buildConfigurations = (
				4DCCDA2B1EDC9249002BB5E6 /* Debug */,
				4DCCDA2C1EDC9249002BB5E6 /* Release */,
			);
			defaultConfigurationIsVisible = 0;
			defaultConfigurationName = Release;
		};
/* End XCConfigurationList section */

/* Begin XCVersionGroup section */
		4DCCDA361EDCA6B9002BB5E6 /* WorkoutLog.xcdatamodeld */ = {
			isa = XCVersionGroup;
			children = (
				4DCCDA371EDCA6B9002BB5E6 /* WorkoutLog.xcdatamodel */,
			);
			currentVersion = 4DCCDA371EDCA6B9002BB5E6 /* WorkoutLog.xcdatamodel */;
			path = WorkoutLog.xcdatamodeld;
			sourceTree = "<group>";
			versionGroupType = wrapper.xcdatamodel;
		};
/* End XCVersionGroup section */
	};
	rootObject = 4DCCDA101EDC9249002BB5E6 /* Project object */;
}
